# This file is automatically @generated by Poetry 1.7.1 and should not be changed by hand.

[[package]]
name = "robotframework"
version = "3.2.2"
description = "Generic automation framework for acceptance testing and robotic process automation (RPA)"
optional = false
python-versions = "*"
files = [
    {file = "robotframework-3.2.2-py2.py3-none-any.whl", hash = "sha256:a0c325e79dc6dcdaba0398db8c3afefc337799b7b36b336f04b07be4fe4a9dd2"},
    {file = "robotframework-3.2.2.zip", hash = "sha256:a0786a916d0572bd9d6afe26e95c6021e3df5dcafa0ece6b302e36366e58c24e"},
]

[metadata]
lock-version = "2.0"
python-versions = "^3.11"
content-hash = "b8ef9d132ee7bd63c54a32a0b10fa57ade5355ca978cdd7edcae792347ab6d57"
